
Microsoft Visual Studio Solution File, Format Version 12.00
# Visual Studio 15
VisualStudioVersion = 15.0.26124.0
MinimumVisualStudioVersion = 15.0.26124.0
Project("{FAE04EC0-301F-11D3-BF4B-00C04F79EFBC}") = "SolarCoffee.Data", "SolarCoffee.Data\SolarCoffee.Data.csproj", "{EB30DEB2-814A-43EE-A93F-E9906C36B291}"
EndProject
Project("{FAE04EC0-301F-11D3-BF4B-00C04F79EFBC}") = "SolarCoffee.Services", "SolarCoffee.Services\SolarCoffee.Services.csproj", "{A89D6975-DC3A-4116-BA83-695C1B6823B5}"
EndProject
Project("{FAE04EC0-301F-11D3-BF4B-00C04F79EFBC}") = "SolarCoffee.Test", "SolarCoffee.Test\SolarCoffee.Test.csproj", "{C3F1F2BB-05CA-4BCF-BAAB-6D58E2EE4D69}"
EndProject
Project("{FAE04EC0-301F-11D3-BF4B-00C04F79EFBC}") = "SolarCoffee.Web", "SolarCoffee.Web\SolarCoffee.Web.csproj", "{39239B16-083B-4844-855D-2C4F06D72053}"
EndProject
Global
	GlobalSection(SolutionConfigurationPlatforms) = preSolution
		Debug|Any CPU = Debug|Any CPU
		Debug|x64 = Debug|x64
		Debug|x86 = Debug|x86
		Release|Any CPU = Release|Any CPU
		Release|x64 = Release|x64
		Release|x86 = Release|x86
	EndGlobalSection
	GlobalSection(SolutionProperties) = preSolution
		HideSolutionNode = FALSE
	EndGlobalSection
	GlobalSection(ProjectConfigurationPlatforms) = postSolution
		{EB30DEB2-814A-43EE-A93F-E9906C36B291}.Debug|Any CPU.ActiveCfg = Debug|Any CPU
		{EB30DEB2-814A-43EE-A93F-E9906C36B291}.Debug|Any CPU.Build.0 = Debug|Any CPU
		{EB30DEB2-814A-43EE-A93F-E9906C36B291}.Debug|x64.ActiveCfg = Debug|Any CPU
		{EB30DEB2-814A-43EE-A93F-E9906C36B291}.Debug|x64.Build.0 = Debug|Any CPU
		{EB30DEB2-814A-43EE-A93F-E9906C36B291}.Debug|x86.ActiveCfg = Debug|Any CPU
		{EB30DEB2-814A-43EE-A93F-E9906C36B291}.Debug|x86.Build.0 = Debug|Any CPU
		{EB30DEB2-814A-43EE-A93F-E9906C36B291}.Release|Any CPU.ActiveCfg = Release|Any CPU
		{EB30DEB2-814A-43EE-A93F-E9906C36B291}.Release|Any CPU.Build.0 = Release|Any CPU
		{EB30DEB2-814A-43EE-A93F-E9906C36B291}.Release|x64.ActiveCfg = Release|Any CPU
		{EB30DEB2-814A-43EE-A93F-E9906C36B291}.Release|x64.Build.0 = Release|Any CPU
		{EB30DEB2-814A-43EE-A93F-E9906C36B291}.Release|x86.ActiveCfg = Release|Any CPU
		{EB30DEB2-814A-43EE-A93F-E9906C36B291}.Release|x86.Build.0 = Release|Any CPU
		{A89D6975-DC3A-4116-BA83-695C1B6823B5}.Debug|Any CPU.ActiveCfg = Debug|Any CPU
		{A89D6975-DC3A-4116-BA83-695C1B6823B5}.Debug|Any CPU.Build.0 = Debug|Any CPU
		{A89D6975-DC3A-4116-BA83-695C1B6823B5}.Debug|x64.ActiveCfg = Debug|Any CPU
		{A89D6975-DC3A-4116-BA83-695C1B6823B5}.Debug|x64.Build.0 = Debug|Any CPU
		{A89D6975-DC3A-4116-BA83-695C1B6823B5}.Debug|x86.ActiveCfg = Debug|Any CPU
		{A89D6975-DC3A-4116-BA83-695C1B6823B5}.Debug|x86.Build.0 = Debug|Any CPU
		{A89D6975-DC3A-4116-BA83-695C1B6823B5}.Release|Any CPU.ActiveCfg = Release|Any CPU
		{A89D6975-DC3A-4116-BA83-695C1B6823B5}.Release|Any CPU.Build.0 = Release|Any CPU
		{A89D6975-DC3A-4116-BA83-695C1B6823B5}.Release|x64.ActiveCfg = Release|Any CPU
		{A89D6975-DC3A-4116-BA83-695C1B6823B5}.Release|x64.Build.0 = Release|Any CPU
		{A89D6975-DC3A-4116-BA83-695C1B6823B5}.Release|x86.ActiveCfg = Release|Any CPU
		{A89D6975-DC3A-4116-BA83-695C1B6823B5}.Release|x86.Build.0 = Release|Any CPU
		{C3F1F2BB-05CA-4BCF-BAAB-6D58E2EE4D69}.Debug|Any CPU.ActiveCfg = Debug|Any CPU
		{C3F1F2BB-05CA-4BCF-BAAB-6D58E2EE4D69}.Debug|Any CPU.Build.0 = Debug|Any CPU
		{C3F1F2BB-05CA-4BCF-BAAB-6D58E2EE4D69}.Debug|x64.ActiveCfg = Debug|Any CPU
		{C3F1F2BB-05CA-4BCF-BAAB-6D58E2EE4D69}.Debug|x64.Build.0 = Debug|Any CPU
		{C3F1F2BB-05CA-4BCF-BAAB-6D58E2EE4D69}.Debug|x86.ActiveCfg = Debug|Any CPU
		{C3F1F2BB-05CA-4BCF-BAAB-6D58E2EE4D69}.Debug|x86.Build.0 = Debug|Any CPU
		{C3F1F2BB-05CA-4BCF-BAAB-6D58E2EE4D69}.Release|Any CPU.ActiveCfg = Release|Any CPU
		{C3F1F2BB-05CA-4BCF-BAAB-6D58E2EE4D69}.Release|Any CPU.Build.0 = Release|Any CPU
		{C3F1F2BB-05CA-4BCF-BAAB-6D58E2EE4D69}.Release|x64.ActiveCfg = Release|Any CPU
		{C3F1F2BB-05CA-4BCF-BAAB-6D58E2EE4D69}.Release|x64.Build.0 = Release|Any CPU
		{C3F1F2BB-05CA-4BCF-BAAB-6D58E2EE4D69}.Release|x86.ActiveCfg = Release|Any CPU
		{C3F1F2BB-05CA-4BCF-BAAB-6D58E2EE4D69}.Release|x86.Build.0 = Release|Any CPU
		{39239B16-083B-4844-855D-2C4F06D72053}.Debug|Any CPU.ActiveCfg = Debug|Any CPU
		{39239B16-083B-4844-855D-2C4F06D72053}.Debug|Any CPU.Build.0 = Debug|Any CPU
		{39239B16-083B-4844-855D-2C4F06D72053}.Debug|x64.ActiveCfg = Debug|Any CPU
		{39239B16-083B-4844-855D-2C4F06D72053}.Debug|x64.Build.0 = Debug|Any CPU
		{39239B16-083B-4844-855D-2C4F06D72053}.Debug|x86.ActiveCfg = Debug|Any CPU
		{39239B16-083B-4844-855D-2C4F06D72053}.Debug|x86.Build.0 = Debug|Any CPU
		{39239B16-083B-4844-855D-2C4F06D72053}.Release|Any CPU.ActiveCfg = Release|Any CPU
		{39239B16-083B-4844-855D-2C4F06D72053}.Release|Any CPU.Build.0 = Release|Any CPU
		{39239B16-083B-4844-855D-2C4F06D72053}.Release|x64.ActiveCfg = Release|Any CPU
		{39239B16-083B-4844-855D-2C4F06D72053}.Release|x64.Build.0 = Release|Any CPU
		{39239B16-083B-4844-855D-2C4F06D72053}.Release|x86.ActiveCfg = Release|Any CPU
		{39239B16-083B-4844-855D-2C4F06D72053}.Release|x86.Build.0 = Release|Any CPU
	EndGlobalSection
EndGlobal
